
Microsoft Visual Studio Solution File, Format Version 11.00
# Visual Studio 2010
Project("{FAE04EC0-301F-11D3-BF4B-00C04F79EFBC}") = "nuevo 3d", "Assembly-CSharp-firstpass.csproj", "{15FA9077-CDCE-4DA5-2043-61CD33A65BB1}"
EndProject
Project("{FAE04EC0-301F-11D3-BF4B-00C04F79EFBC}") = "nuevo 3d", "Assembly-CSharp.csproj", "{E070CAA4-AFB3-7568-93C6-85C810BA4BE4}"
EndProject
Project("{FAE04EC0-301F-11D3-BF4B-00C04F79EFBC}") = "nuevo 3d", "Assembly-CSharp-Editor-firstpass.csproj", "{50FEACB0-CD47-0D6B-3D70-3D5A73B62284}"
EndProject
Project("{15221C6B-889C-E273-F799-01C0D19CA795}") = "nuevo 3d", "Assembly-UnityScript.unityproj", "{1869BD09-072E-F456-A48E-E4064C70EE41}"
EndProject
Global
	GlobalSection(SolutionConfigurationPlatforms) = preSolution
		Debug|Any CPU = Debug|Any CPU
		Release|Any CPU = Release|Any CPU
	EndGlobalSection
	GlobalSection(ProjectConfigurationPlatforms) = postSolution
		{15FA9077-CDCE-4DA5-2043-61CD33A65BB1}.Debug|Any CPU.ActiveCfg = Debug|Any CPU
		{15FA9077-CDCE-4DA5-2043-61CD33A65BB1}.Debug|Any CPU.Build.0 = Debug|Any CPU
		{15FA9077-CDCE-4DA5-2043-61CD33A65BB1}.Release|Any CPU.ActiveCfg = Release|Any CPU
		{15FA9077-CDCE-4DA5-2043-61CD33A65BB1}.Release|Any CPU.Build.0 = Release|Any CPU
		{E070CAA4-AFB3-7568-93C6-85C810BA4BE4}.Debug|Any CPU.ActiveCfg = Debug|Any CPU
		{E070CAA4-AFB3-7568-93C6-85C810BA4BE4}.Debug|Any CPU.Build.0 = Debug|Any CPU
		{E070CAA4-AFB3-7568-93C6-85C810BA4BE4}.Release|Any CPU.ActiveCfg = Release|Any CPU
		{E070CAA4-AFB3-7568-93C6-85C810BA4BE4}.Release|Any CPU.Build.0 = Release|Any CPU
		{50FEACB0-CD47-0D6B-3D70-3D5A73B62284}.Debug|Any CPU.ActiveCfg = Debug|Any CPU
		{50FEACB0-CD47-0D6B-3D70-3D5A73B62284}.Debug|Any CPU.Build.0 = Debug|Any CPU
		{50FEACB0-CD47-0D6B-3D70-3D5A73B62284}.Release|Any CPU.ActiveCfg = Release|Any CPU
		{50FEACB0-CD47-0D6B-3D70-3D5A73B62284}.Release|Any CPU.Build.0 = Release|Any CPU
		{1869BD09-072E-F456-A48E-E4064C70EE41}.Debug|Any CPU.ActiveCfg = Debug|Any CPU
		{1869BD09-072E-F456-A48E-E4064C70EE41}.Debug|Any CPU.Build.0 = Debug|Any CPU
		{1869BD09-072E-F456-A48E-E4064C70EE41}.Release|Any CPU.ActiveCfg = Release|Any CPU
		{1869BD09-072E-F456-A48E-E4064C70EE41}.Release|Any CPU.Build.0 = Release|Any CPU
	EndGlobalSection
	GlobalSection(SolutionProperties) = preSolution
		HideSolutionNode = FALSE
	EndGlobalSection
	GlobalSection(MonoDevelopProperties) = preSolution
		StartupItem = Assembly-CSharp.csproj
	EndGlobalSection
EndGlobal
